
Microsoft Visual Studio Solution File, Format Version 12.00
# Visual Studio Version 17
VisualStudioVersion = 17.14.37411.7
MinimumVisualStudioVersion = 10.0.40219.1
Project("{2150E333-8FDC-42A3-9474-1A3956D46DE8}") = "Services", "Services", "{02EA681E-C7D8-13C7-8484-4AC65E1B71E8}"
EndProject
Project("{2150E333-8FDC-42A3-9474-1A3956D46DE8}") = "Catalog", "Catalog", "{4464AEED-A5A6-45C5-9017-BA98D88D57B8}"
EndProject
Project("{FAE04EC0-301F-11D3-BF4B-00C04F79EFBC}") = "MultiShop.Catalog", "Services\Catalog\MultiShop.Catalog\MultiShop.Catalog.csproj", "{3A5451F1-F072-4DC2-8679-4CCA61506644}"
EndProject
Project("{2150E333-8FDC-42A3-9474-1A3956D46DE8}") = "Discount", "Discount", "{143D9CD0-5559-4B6C-B091-4F3D102121CB}"
EndProject
Project("{FAE04EC0-301F-11D3-BF4B-00C04F79EFBC}") = "MultiShop.Discount", "Services\Discount\MultiShop.Discount\MultiShop.Discount.csproj", "{4FABBCF4-18DD-454E-81D4-D4736CCEE840}"
EndProject
Project("{2150E333-8FDC-42A3-9474-1A3956D46DE8}") = "Order", "Order", "{A1DE68F9-08B5-78F6-624F-5669A61AEC22}"
EndProject
Project("{2150E333-8FDC-42A3-9474-1A3956D46DE8}") = "Core", "Core", "{53CD50CA-0E19-05BB-0963-BEB8424EB2B8}"
EndProject
Project("{FAE04EC0-301F-11D3-BF4B-00C04F79EFBC}") = "MultiShop.Order.Domain", "Services\Order\Core\MultiShop.Order.Domain\MultiShop.Order.Domain.csproj", "{98312D51-B57A-4C5E-9A6B-9EE265CA10B1}"
EndProject
Project("{FAE04EC0-301F-11D3-BF4B-00C04F79EFBC}") = "MultiShop.Order.Application", "Services\Order\Core\MultiShop.Order.Application\MultiShop.Order.Application.csproj", "{C1329ECF-B768-4B36-A3B2-11743D119892}"
EndProject
Project("{2150E333-8FDC-42A3-9474-1A3956D46DE8}") = "Infrastructure", "Infrastructure", "{573D22B5-EA82-4916-CD6E-C81ACC2BE89C}"
EndProject
Project("{FAE04EC0-301F-11D3-BF4B-00C04F79EFBC}") = "MultiShop.Order.Persistence", "Services\Order\Infrastructure\MultiShop.Order.Persistence\MultiShop.Order.Persistence.csproj", "{B92442B5-5021-4937-9743-5643A0AD73ED}"
EndProject
Project("{2150E333-8FDC-42A3-9474-1A3956D46DE8}") = "Presentation", "Presentation", "{1675CC08-863F-3306-C4AB-718E088EA206}"
EndProject
Project("{FAE04EC0-301F-11D3-BF4B-00C04F79EFBC}") = "MultiShop.Order.WebApi", "Services\Order\Presentation\MultiShop.Order.WebApi\MultiShop.Order.WebApi.csproj", "{B2821160-B406-4205-8E62-21807626707D}"
EndProject
Project("{2150E333-8FDC-42A3-9474-1A3956D46DE8}") = "Identity", "Identity", "{6CC7C9C4-F709-9CA6-F0A4-F7A96F19CC1E}"
EndProject
Project("{FAE04EC0-301F-11D3-BF4B-00C04F79EFBC}") = "MultiShop.Identity", "Services\Identity\MultiShop.Identity\MultiShop.Identity.csproj", "{A0F3407D-1309-4E5E-A2EF-D51DD1678BEF}"
EndProject
Project("{2150E333-8FDC-42A3-9474-1A3956D46DE8}") = "Cargo", "Cargo", "{ED0ED9C4-70A5-4984-BC37-033475896FD7}"
EndProject
Project("{FAE04EC0-301F-11D3-BF4B-00C04F79EFBC}") = "MultiShop.Cargo.EntityLayer", "Services\Cargo\MultiShop.Cargo.EntityLayer\MultiShop.Cargo.EntityLayer.csproj", "{8FBDC828-C699-4BBB-8DDC-C799721A38B7}"
EndProject
Project("{FAE04EC0-301F-11D3-BF4B-00C04F79EFBC}") = "MultiShop.Cargo.DtoLayer", "Services\Cargo\MultiShop.Cargo.DtoLayer\MultiShop.Cargo.DtoLayer.csproj", "{D22DE079-856A-4BEB-A0F6-6A5E2940BCBD}"
EndProject
Project("{FAE04EC0-301F-11D3-BF4B-00C04F79EFBC}") = "MultiShop.Cargo.DataAccessLayer", "Services\Cargo\MultiShop.Cargo.DataAccessLayer\MultiShop.Cargo.DataAccessLayer.csproj", "{DEC6B0F8-67AF-4AB5-92C4-14438DDDA0AF}"
EndProject
Project("{FAE04EC0-301F-11D3-BF4B-00C04F79EFBC}") = "MultiShop.Cargo.BusinessLayer", "Services\Cargo\MultiShop.Cargo.BusinessLayer\MultiShop.Cargo.BusinessLayer.csproj", "{79BE310D-3760-4C40-931E-BA1256398EC2}"
EndProject
Project("{FAE04EC0-301F-11D3-BF4B-00C04F79EFBC}") = "MultiShop.Cargo.WebApi", "Services\Cargo\MultiShop.Cargo.WebApi\MultiShop.Cargo.WebApi.csproj", "{C81F4F64-FAFE-4957-A2D2-912302649AE9}"
EndProject
Global
	GlobalSection(SolutionConfigurationPlatforms) = preSolution
		Debug|Any CPU = Debug|Any CPU
		Debug|x64 = Debug|x64
		Debug|x86 = Debug|x86
		Release|Any CPU = Release|Any CPU
		Release|x64 = Release|x64
		Release|x86 = Release|x86
	EndGlobalSection
	GlobalSection(ProjectConfigurationPlatforms) = postSolution
		{3A5451F1-F072-4DC2-8679-4CCA61506644}.Debug|Any CPU.ActiveCfg = Debug|Any CPU
		{3A5451F1-F072-4DC2-8679-4CCA61506644}.Debug|Any CPU.Build.0 = Debug|Any CPU
		{3A5451F1-F072-4DC2-8679-4CCA61506644}.Debug|x64.ActiveCfg = Debug|Any CPU
		{3A5451F1-F072-4DC2-8679-4CCA61506644}.Debug|x64.Build.0 = Debug|Any CPU
		{3A5451F1-F072-4DC2-8679-4CCA61506644}.Debug|x86.ActiveCfg = Debug|Any CPU
		{3A5451F1-F072-4DC2-8679-4CCA61506644}.Debug|x86.Build.0 = Debug|Any CPU
		{3A5451F1-F072-4DC2-8679-4CCA61506644}.Release|Any CPU.ActiveCfg = Release|Any CPU
		{3A5451F1-F072-4DC2-8679-4CCA61506644}.Release|Any CPU.Build.0 = Release|Any CPU
		{3A5451F1-F072-4DC2-8679-4CCA61506644}.Release|x64.ActiveCfg = Release|Any CPU
		{3A5451F1-F072-4DC2-8679-4CCA61506644}.Release|x64.Build.0 = Release|Any CPU
		{3A5451F1-F072-4DC2-8679-4CCA61506644}.Release|x86.ActiveCfg = Release|Any CPU
		{3A5451F1-F072-4DC2-8679-4CCA61506644}.Release|x86.Build.0 = Release|Any CPU
		{4FABBCF4-18DD-454E-81D4-D4736CCEE840}.Debug|Any CPU.ActiveCfg = Debug|Any CPU
		{4FABBCF4-18DD-454E-81D4-D4736CCEE840}.Debug|Any CPU.Build.0 = Debug|Any CPU
		{4FABBCF4-18DD-454E-81D4-D4736CCEE840}.Debug|x64.ActiveCfg = Debug|Any CPU
		{4FABBCF4-18DD-454E-81D4-D4736CCEE840}.Debug|x64.Build.0 = Debug|Any CPU
		{4FABBCF4-18DD-454E-81D4-D4736CCEE840}.Debug|x86.ActiveCfg = Debug|Any CPU
		{4FABBCF4-18DD-454E-81D4-D4736CCEE840}.Debug|x86.Build.0 = Debug|Any CPU
		{4FABBCF4-18DD-454E-81D4-D4736CCEE840}.Release|Any CPU.ActiveCfg = Release|Any CPU
		{4FABBCF4-18DD-454E-81D4-D4736CCEE840}.Release|Any CPU.Build.0 = Release|Any CPU
		{4FABBCF4-18DD-454E-81D4-D4736CCEE840}.Release|x64.ActiveCfg = Release|Any CPU
		{4FABBCF4-18DD-454E-81D4-D4736CCEE840}.Release|x64.Build.0 = Release|Any CPU
		{4FABBCF4-18DD-454E-81D4-D4736CCEE840}.Release|x86.ActiveCfg = Release|Any CPU
		{4FABBCF4-18DD-454E-81D4-D4736CCEE840}.Release|x86.Build.0 = Release|Any CPU
		{98312D51-B57A-4C5E-9A6B-9EE265CA10B1}.Debug|Any CPU.ActiveCfg = Debug|Any CPU
		{98312D51-B57A-4C5E-9A6B-9EE265CA10B1}.Debug|Any CPU.Build.0 = Debug|Any CPU
		{98312D51-B57A-4C5E-9A6B-9EE265CA10B1}.Debug|x64.ActiveCfg = Debug|Any CPU
		{98312D51-B57A-4C5E-9A6B-9EE265CA10B1}.Debug|x64.Build.0 = Debug|Any CPU
		{98312D51-B57A-4C5E-9A6B-9EE265CA10B1}.Debug|x86.ActiveCfg = Debug|Any CPU
		{98312D51-B57A-4C5E-9A6B-9EE265CA10B1}.Debug|x86.Build.0 = Debug|Any CPU
		{98312D51-B57A-4C5E-9A6B-9EE265CA10B1}.Release|Any CPU.ActiveCfg = Release|Any CPU
		{98312D51-B57A-4C5E-9A6B-9EE265CA10B1}.Release|Any CPU.Build.0 = Release|Any CPU
		{98312D51-B57A-4C5E-9A6B-9EE265CA10B1}.Release|x64.ActiveCfg = Release|Any CPU
		{98312D51-B57A-4C5E-9A6B-9EE265CA10B1}.Release|x64.Build.0 = Release|Any CPU
		{98312D51-B57A-4C5E-9A6B-9EE265CA10B1}.Release|x86.ActiveCfg = Release|Any CPU
		{98312D51-B57A-4C5E-9A6B-9EE265CA10B1}.Release|x86.Build.0 = Release|Any CPU
		{C1329ECF-B768-4B36-A3B2-11743D119892}.Debug|Any CPU.ActiveCfg = Debug|Any CPU
		{C1329ECF-B768-4B36-A3B2-11743D119892}.Debug|Any CPU.Build.0 = Debug|Any CPU
		{C1329ECF-B768-4B36-A3B2-11743D119892}.Debug|x64.ActiveCfg = Debug|Any CPU
		{C1329ECF-B768-4B36-A3B2-11743D119892}.Debug|x64.Build.0 = Debug|Any CPU
		{C1329ECF-B768-4B36-A3B2-11743D119892}.Debug|x86.ActiveCfg = Debug|Any CPU
		{C1329ECF-B768-4B36-A3B2-11743D119892}.Debug|x86.Build.0 = Debug|Any CPU
		{C1329ECF-B768-4B36-A3B2-11743D119892}.Release|Any CPU.ActiveCfg = Release|Any CPU
		{C1329ECF-B768-4B36-A3B2-11743D119892}.Release|Any CPU.Build.0 = Release|Any CPU
		{C1329ECF-B768-4B36-A3B2-11743D119892}.Release|x64.ActiveCfg = Release|Any CPU
		{C1329ECF-B768-4B36-A3B2-11743D119892}.Release|x64.Build.0 = Release|Any CPU
		{C1329ECF-B768-4B36-A3B2-11743D119892}.Release|x86.ActiveCfg = Release|Any CPU
		{C1329ECF-B768-4B36-A3B2-11743D119892}.Release|x86.Build.0 = Release|Any CPU
		{B92442B5-5021-4937-9743-5643A0AD73ED}.Debug|Any CPU.ActiveCfg = Debug|Any CPU
		{B92442B5-5021-4937-9743-5643A0AD73ED}.Debug|Any CPU.Build.0 = Debug|Any CPU
		{B92442B5-5021-4937-9743-5643A0AD73ED}.Debug|x64.ActiveCfg = Debug|Any CPU
		{B92442B5-5021-4937-9743-5643A0AD73ED}.Debug|x64.Build.0 = Debug|Any CPU
		{B92442B5-5021-4937-9743-5643A0AD73ED}.Debug|x86.ActiveCfg = Debug|Any CPU
		{B92442B5-5021-4937-9743-5643A0AD73ED}.Debug|x86.Build.0 = Debug|Any CPU
		{B92442B5-5021-4937-9743-5643A0AD73ED}.Release|Any CPU.ActiveCfg = Release|Any CPU
		{B92442B5-5021-4937-9743-5643A0AD73ED}.Release|Any CPU.Build.0 = Release|Any CPU
		{B92442B5-5021-4937-9743-5643A0AD73ED}.Release|x64.ActiveCfg = Release|Any CPU
		{B92442B5-5021-4937-9743-5643A0AD73ED}.Release|x64.Build.0 = Release|Any CPU
		{B92442B5-5021-4937-9743-5643A0AD73ED}.Release|x86.ActiveCfg = Release|Any CPU
		{B92442B5-5021-4937-9743-5643A0AD73ED}.Release|x86.Build.0 = Release|Any CPU
		{B2821160-B406-4205-8E62-21807626707D}.Debug|Any CPU.ActiveCfg = Debug|Any CPU
		{B2821160-B406-4205-8E62-21807626707D}.Debug|Any CPU.Build.0 = Debug|Any CPU
		{B2821160-B406-4205-8E62-21807626707D}.Debug|x64.ActiveCfg = Debug|Any CPU
		{B2821160-B406-4205-8E62-21807626707D}.Debug|x64.Build.0 = Debug|Any CPU
		{B2821160-B406-4205-8E62-21807626707D}.Debug|x86.ActiveCfg = Debug|Any CPU
		{B2821160-B406-4205-8E62-21807626707D}.Debug|x86.Build.0 = Debug|Any CPU
		{B2821160-B406-4205-8E62-21807626707D}.Release|Any CPU.ActiveCfg = Release|Any CPU
		{B2821160-B406-4205-8E62-21807626707D}.Release|Any CPU.Build.0 = Release|Any CPU
		{B2821160-B406-4205-8E62-21807626707D}.Release|x64.ActiveCfg = Release|Any CPU
		{B2821160-B406-4205-8E62-21807626707D}.Release|x64.Build.0 = Release|Any CPU
		{B2821160-B406-4205-8E62-21807626707D}.Release|x86.ActiveCfg = Release|Any CPU
		{B2821160-B406-4205-8E62-21807626707D}.Release|x86.Build.0 = Release|Any CPU
		{A0F3407D-1309-4E5E-A2EF-D51DD1678BEF}.Debug|Any CPU.ActiveCfg = Debug|Any CPU
		{A0F3407D-1309-4E5E-A2EF-D51DD1678BEF}.Debug|Any CPU.Build.0 = Debug|Any CPU
		{A0F3407D-1309-4E5E-A2EF-D51DD1678BEF}.Debug|x64.ActiveCfg = Debug|Any CPU
		{A0F3407D-1309-4E5E-A2EF-D51DD1678BEF}.Debug|x64.Build.0 = Debug|Any CPU
		{A0F3407D-1309-4E5E-A2EF-D51DD1678BEF}.Debug|x86.ActiveCfg = Debug|Any CPU
		{A0F3407D-1309-4E5E-A2EF-D51DD1678BEF}.Debug|x86.Build.0 = Debug|Any CPU
		{A0F3407D-1309-4E5E-A2EF-D51DD1678BEF}.Release|Any CPU.ActiveCfg = Release|Any CPU
		{A0F3407D-1309-4E5E-A2EF-D51DD1678BEF}.Release|Any CPU.Build.0 = Release|Any CPU
		{A0F3407D-1309-4E5E-A2EF-D51DD1678BEF}.Release|x64.ActiveCfg = Release|Any CPU
		{A0F3407D-1309-4E5E-A2EF-D51DD1678BEF}.Release|x64.Build.0 = Release|Any CPU
		{A0F3407D-1309-4E5E-A2EF-D51DD1678BEF}.Release|x86.ActiveCfg = Release|Any CPU
		{A0F3407D-1309-4E5E-A2EF-D51DD1678BEF}.Release|x86.Build.0 = Release|Any CPU
		{8FBDC828-C699-4BBB-8DDC-C799721A38B7}.Debug|Any CPU.ActiveCfg = Debug|Any CPU
		{8FBDC828-C699-4BBB-8DDC-C799721A38B7}.Debug|Any CPU.Build.0 = Debug|Any CPU
		{8FBDC828-C699-4BBB-8DDC-C799721A38B7}.Debug|x64.ActiveCfg = Debug|Any CPU
		{8FBDC828-C699-4BBB-8DDC-C799721A38B7}.Debug|x64.Build.0 = Debug|Any CPU
		{8FBDC828-C699-4BBB-8DDC-C799721A38B7}.Debug|x86.ActiveCfg = Debug|Any CPU
		{8FBDC828-C699-4BBB-8DDC-C799721A38B7}.Debug|x86.Build.0 = Debug|Any CPU
		{8FBDC828-C699-4BBB-8DDC-C799721A38B7}.Release|Any CPU.ActiveCfg = Release|Any CPU
		{8FBDC828-C699-4BBB-8DDC-C799721A38B7}.Release|Any CPU.Build.0 = Release|Any CPU
		{8FBDC828-C699-4BBB-8DDC-C799721A38B7}.Release|x64.ActiveCfg = Release|Any CPU
		{8FBDC828-C699-4BBB-8DDC-C799721A38B7}.Release|x64.Build.0 = Release|Any CPU
		{8FBDC828-C699-4BBB-8DDC-C799721A38B7}.Release|x86.ActiveCfg = Release|Any CPU
		{8FBDC828-C699-4BBB-8DDC-C799721A38B7}.Release|x86.Build.0 = Release|Any CPU
		{D22DE079-856A-4BEB-A0F6-6A5E2940BCBD}.Debug|Any CPU.ActiveCfg = Debug|Any CPU
		{D22DE079-856A-4BEB-A0F6-6A5E2940BCBD}.Debug|Any CPU.Build.0 = Debug|Any CPU
		{D22DE079-856A-4BEB-A0F6-6A5E2940BCBD}.Debug|x64.ActiveCfg = Debug|Any CPU
		{D22DE079-856A-4BEB-A0F6-6A5E2940BCBD}.Debug|x64.Build.0 = Debug|Any CPU
		{D22DE079-856A-4BEB-A0F6-6A5E2940BCBD}.Debug|x86.ActiveCfg = Debug|Any CPU
		{D22DE079-856A-4BEB-A0F6-6A5E2940BCBD}.Debug|x86.Build.0 = Debug|Any CPU
		{D22DE079-856A-4BEB-A0F6-6A5E2940BCBD}.Release|Any CPU.ActiveCfg = Release|Any CPU
		{D22DE079-856A-4BEB-A0F6-6A5E2940BCBD}.Release|Any CPU.Build.0 = Release|Any CPU
		{D22DE079-856A-4BEB-A0F6-6A5E2940BCBD}.Release|x64.ActiveCfg = Release|Any CPU
		{D22DE079-856A-4BEB-A0F6-6A5E2940BCBD}.Release|x64.Build.0 = Release|Any CPU
		{D22DE079-856A-4BEB-A0F6-6A5E2940BCBD}.Release|x86.ActiveCfg = Release|Any CPU
		{D22DE079-856A-4BEB-A0F6-6A5E2940BCBD}.Release|x86.Build.0 = Release|Any CPU
		{DEC6B0F8-67AF-4AB5-92C4-14438DDDA0AF}.Debug|Any CPU.ActiveCfg = Debug|Any CPU
		{DEC6B0F8-67AF-4AB5-92C4-14438DDDA0AF}.Debug|Any CPU.Build.0 = Debug|Any CPU
		{DEC6B0F8-67AF-4AB5-92C4-14438DDDA0AF}.Debug|x64.ActiveCfg = Debug|Any CPU
		{DEC6B0F8-67AF-4AB5-92C4-14438DDDA0AF}.Debug|x64.Build.0 = Debug|Any CPU
		{DEC6B0F8-67AF-4AB5-92C4-14438DDDA0AF}.Debug|x86.ActiveCfg = Debug|Any CPU
		{DEC6B0F8-67AF-4AB5-92C4-14438DDDA0AF}.Debug|x86.Build.0 = Debug|Any CPU
		{DEC6B0F8-67AF-4AB5-92C4-14438DDDA0AF}.Release|Any CPU.ActiveCfg = Release|Any CPU
		{DEC6B0F8-67AF-4AB5-92C4-14438DDDA0AF}.Release|Any CPU.Build.0 = Release|Any CPU
		{DEC6B0F8-67AF-4AB5-92C4-14438DDDA0AF}.Release|x64.ActiveCfg = Release|Any CPU
		{DEC6B0F8-67AF-4AB5-92C4-14438DDDA0AF}.Release|x64.Build.0 = Release|Any CPU
		{DEC6B0F8-67AF-4AB5-92C4-14438DDDA0AF}.Release|x86.ActiveCfg = Release|Any CPU
		{DEC6B0F8-67AF-4AB5-92C4-14438DDDA0AF}.Release|x86.Build.0 = Release|Any CPU
		{79BE310D-3760-4C40-931E-BA1256398EC2}.Debug|Any CPU.ActiveCfg = Debug|Any CPU
		{79BE310D-3760-4C40-931E-BA1256398EC2}.Debug|Any CPU.Build.0 = Debug|Any CPU
		{79BE310D-3760-4C40-931E-BA1256398EC2}.Debug|x64.ActiveCfg = Debug|Any CPU
		{79BE310D-3760-4C40-931E-BA1256398EC2}.Debug|x64.Build.0 = Debug|Any CPU
		{79BE310D-3760-4C40-931E-BA1256398EC2}.Debug|x86.ActiveCfg = Debug|Any CPU
		{79BE310D-3760-4C40-931E-BA1256398EC2}.Debug|x86.Build.0 = Debug|Any CPU
		{79BE310D-3760-4C40-931E-BA1256398EC2}.Release|Any CPU.ActiveCfg = Release|Any CPU
		{79BE310D-3760-4C40-931E-BA1256398EC2}.Release|Any CPU.Build.0 = Release|Any CPU
		{79BE310D-3760-4C40-931E-BA1256398EC2}.Release|x64.ActiveCfg = Release|Any CPU
		{79BE310D-3760-4C40-931E-BA1256398EC2}.Release|x64.Build.0 = Release|Any CPU
		{79BE310D-3760-4C40-931E-BA1256398EC2}.Release|x86.ActiveCfg = Release|Any CPU
		{79BE310D-3760-4C40-931E-BA1256398EC2}.Release|x86.Build.0 = Release|Any CPU
		{C81F4F64-FAFE-4957-A2D2-912302649AE9}.Debug|Any CPU.ActiveCfg = Debug|Any CPU
		{C81F4F64-FAFE-4957-A2D2-912302649AE9}.Debug|Any CPU.Build.0 = Debug|Any CPU
		{C81F4F64-FAFE-4957-A2D2-912302649AE9}.Debug|x64.ActiveCfg = Debug|Any CPU
		{C81F4F64-FAFE-4957-A2D2-912302649AE9}.Debug|x64.Build.0 = Debug|Any CPU
		{C81F4F64-FAFE-4957-A2D2-912302649AE9}.Debug|x86.ActiveCfg = Debug|Any CPU
		{C81F4F64-FAFE-4957-A2D2-912302649AE9}.Debug|x86.Build.0 = Debug|Any CPU
		{C81F4F64-FAFE-4957-A2D2-912302649AE9}.Release|Any CPU.ActiveCfg = Release|Any CPU
		{C81F4F64-FAFE-4957-A2D2-912302649AE9}.Release|Any CPU.Build.0 = Release|Any CPU
		{C81F4F64-FAFE-4957-A2D2-912302649AE9}.Release|x64.ActiveCfg = Release|Any CPU
		{C81F4F64-FAFE-4957-A2D2-912302649AE9}.Release|x64.Build.0 = Release|Any CPU
		{C81F4F64-FAFE-4957-A2D2-912302649AE9}.Release|x86.ActiveCfg = Release|Any CPU
		{C81F4F64-FAFE-4957-A2D2-912302649AE9}.Release|x86.Build.0 = Release|Any CPU
	EndGlobalSection
	GlobalSection(SolutionProperties) = preSolution
		HideSolutionNode = FALSE
	EndGlobalSection
	GlobalSection(NestedProjects) = preSolution
		{4464AEED-A5A6-45C5-9017-BA98D88D57B8} = {02EA681E-C7D8-13C7-8484-4AC65E1B71E8}
		{3A5451F1-F072-4DC2-8679-4CCA61506644} = {4464AEED-A5A6-45C5-9017-BA98D88D57B8}
		{143D9CD0-5559-4B6C-B091-4F3D102121CB} = {02EA681E-C7D8-13C7-8484-4AC65E1B71E8}
		{4FABBCF4-18DD-454E-81D4-D4736CCEE840} = {143D9CD0-5559-4B6C-B091-4F3D102121CB}
		{A1DE68F9-08B5-78F6-624F-5669A61AEC22} = {02EA681E-C7D8-13C7-8484-4AC65E1B71E8}
		{53CD50CA-0E19-05BB-0963-BEB8424EB2B8} = {A1DE68F9-08B5-78F6-624F-5669A61AEC22}
		{98312D51-B57A-4C5E-9A6B-9EE265CA10B1} = {53CD50CA-0E19-05BB-0963-BEB8424EB2B8}
		{C1329ECF-B768-4B36-A3B2-11743D119892} = {53CD50CA-0E19-05BB-0963-BEB8424EB2B8}
		{573D22B5-EA82-4916-CD6E-C81ACC2BE89C} = {A1DE68F9-08B5-78F6-624F-5669A61AEC22}
		{B92442B5-5021-4937-9743-5643A0AD73ED} = {573D22B5-EA82-4916-CD6E-C81ACC2BE89C}
		{1675CC08-863F-3306-C4AB-718E088EA206} = {A1DE68F9-08B5-78F6-624F-5669A61AEC22}
		{B2821160-B406-4205-8E62-21807626707D} = {1675CC08-863F-3306-C4AB-718E088EA206}
		{6CC7C9C4-F709-9CA6-F0A4-F7A96F19CC1E} = {02EA681E-C7D8-13C7-8484-4AC65E1B71E8}
		{A0F3407D-1309-4E5E-A2EF-D51DD1678BEF} = {6CC7C9C4-F709-9CA6-F0A4-F7A96F19CC1E}
		{ED0ED9C4-70A5-4984-BC37-033475896FD7} = {02EA681E-C7D8-13C7-8484-4AC65E1B71E8}
		{8FBDC828-C699-4BBB-8DDC-C799721A38B7} = {ED0ED9C4-70A5-4984-BC37-033475896FD7}
		{D22DE079-856A-4BEB-A0F6-6A5E2940BCBD} = {ED0ED9C4-70A5-4984-BC37-033475896FD7}
		{DEC6B0F8-67AF-4AB5-92C4-14438DDDA0AF} = {ED0ED9C4-70A5-4984-BC37-033475896FD7}
		{79BE310D-3760-4C40-931E-BA1256398EC2} = {ED0ED9C4-70A5-4984-BC37-033475896FD7}
		{C81F4F64-FAFE-4957-A2D2-912302649AE9} = {ED0ED9C4-70A5-4984-BC37-033475896FD7}
	EndGlobalSection
	GlobalSection(ExtensibilityGlobals) = postSolution
		SolutionGuid = {9749758E-6928-4078-868F-1650930FD921}
	EndGlobalSection
EndGlobal
